
Microsoft Visual Studio Solution File, Format Version 12.00
# Visual Studio Version 16
VisualStudioVersion = 16.0.30804.86
MinimumVisualStudioVersion = 10.0.40219.1
Project("{8BC9CEB8-8B4A-11D0-8D11-00A0C91BC942}") = "4. Simulazione", "4. Simulazione\4. Simulazione.vcxproj", "{806AFE92-2141-4024-8BEA-E35CD09AC749}"
EndProject
Global
	GlobalSection(SolutionConfigurationPlatforms) = preSolution
		Debug|x64 = Debug|x64
		Debug|x86 = Debug|x86
		Release|x64 = Release|x64
		Release|x86 = Release|x86
	EndGlobalSection
	GlobalSection(ProjectConfigurationPlatforms) = postSolution
		{806AFE92-2141-4024-8BEA-E35CD09AC749}.Debug|x64.ActiveCfg = Debug|x64
		{806AFE92-2141-4024-8BEA-E35CD09AC749}.Debug|x64.Build.0 = Debug|x64
		{806AFE92-2141-4024-8BEA-E35CD09AC749}.Debug|x86.ActiveCfg = Debug|Win32
		{806AFE92-2141-4024-8BEA-E35CD09AC749}.Debug|x86.Build.0 = Debug|Win32
		{806AFE92-2141-4024-8BEA-E35CD09AC749}.Release|x64.ActiveCfg = Release|x64
		{806AFE92-2141-4024-8BEA-E35CD09AC749}.Release|x64.Build.0 = Release|x64
		{806AFE92-2141-4024-8BEA-E35CD09AC749}.Release|x86.ActiveCfg = Release|Win32
		{806AFE92-2141-4024-8BEA-E35CD09AC749}.Release|x86.Build.0 = Release|Win32
	EndGlobalSection
	GlobalSection(SolutionProperties) = preSolution
		HideSolutionNode = FALSE
	EndGlobalSection
	GlobalSection(ExtensibilityGlobals) = postSolution
		SolutionGuid = {6A1E95A3-94A4-4AAB-AC03-CB3951AE9BCF}
	EndGlobalSection
EndGlobal
